
Microsoft Visual Studio Solution File, Format Version 12.00
# Visual Studio Version 17
VisualStudioVersion = 17.5.33530.505
MinimumVisualStudioVersion = 10.0.40219.1
Project("{FAE04EC0-301F-11D3-BF4B-00C04F79EFBC}") = "ARHome", "ARHome.csproj", "{64AF367E-1605-4BDE-8654-95FF71A0C510}"
EndProject
Global
	GlobalSection(SolutionConfigurationPlatforms) = preSolution
		Debug|Any CPU = Debug|Any CPU
		Release|Any CPU = Release|Any CPU
	EndGlobalSection
	GlobalSection(ProjectConfigurationPlatforms) = postSolution
		{64AF367E-1605-4BDE-8654-95FF71A0C510}.Debug|Any CPU.ActiveCfg = Debug|Any CPU
		{64AF367E-1605-4BDE-8654-95FF71A0C510}.Debug|Any CPU.Build.0 = Debug|Any CPU
		{64AF367E-1605-4BDE-8654-95FF71A0C510}.Release|Any CPU.ActiveCfg = Release|Any CPU
		{64AF367E-1605-4BDE-8654-95FF71A0C510}.Release|Any CPU.Build.0 = Release|Any CPU
	EndGlobalSection
	GlobalSection(SolutionProperties) = preSolution
		HideSolutionNode = FALSE
	EndGlobalSection
	GlobalSection(ExtensibilityGlobals) = postSolution
		SolutionGuid = {B4490702-C4A6-4B15-BA83-187FE586AF54}
	EndGlobalSection
EndGlobal
